
Microsoft Visual Studio Solution File, Format Version 12.00
# Visual Studio Version 16
VisualStudioVersion = 16.0.30523.141
MinimumVisualStudioVersion = 10.0.40219.1
Project("{FAE04EC0-301F-11D3-BF4B-00C04F79EFBC}") = "TAC_AI", "TAC_AI\TAC_AI.csproj", "{651A2212-7F7D-4183-ABEE-EE2D6B2559B1}"
EndProject
Project("{2150E333-8FDC-42A3-9474-1A3956D46DE8}") = "Solution Items", "Solution Items", "{EAAF3593-5525-4282-B70F-D913755926D8}"
	ProjectSection(SolutionItems) = preProject
		.editorconfig = .editorconfig
	EndProjectSection
EndProject
Global
	GlobalSection(SolutionConfigurationPlatforms) = preSolution
		Debug|Any CPU = Debug|Any CPU
		Release|Any CPU = Release|Any CPU
	EndGlobalSection
	GlobalSection(ProjectConfigurationPlatforms) = postSolution
		{651A2212-7F7D-4183-ABEE-EE2D6B2559B1}.Debug|Any CPU.ActiveCfg = Debug|Any CPU
		{651A2212-7F7D-4183-ABEE-EE2D6B2559B1}.Debug|Any CPU.Build.0 = Debug|Any CPU
		{651A2212-7F7D-4183-ABEE-EE2D6B2559B1}.Release|Any CPU.ActiveCfg = Release|Any CPU
		{651A2212-7F7D-4183-ABEE-EE2D6B2559B1}.Release|Any CPU.Build.0 = Release|Any CPU
	EndGlobalSection
	GlobalSection(SolutionProperties) = preSolution
		HideSolutionNode = FALSE
	EndGlobalSection
	GlobalSection(ExtensibilityGlobals) = postSolution
		SolutionGuid = {A25E7E49-D758-406A-9D57-71C8DC00A7D8}
	EndGlobalSection
EndGlobal
